<Solution>
  <Folder Name="/src/">
    <Project Path="src/Novolis.MachineLearning.Core/Novolis.MachineLearning.Core.csproj" />
    <Project Path="src/Novolis.MachineLearning.AutoMl/Novolis.MachineLearning.AutoMl.csproj" />
    <Project Path="src/Novolis.MachineLearning.Neural.Abstractions/Novolis.MachineLearning.Neural.Abstractions.csproj" />
    <Project Path="src/Novolis.MachineLearning.Neural/Novolis.MachineLearning.Neural.csproj" />
  </Folder>
  <Folder Name="/tests/">
    <Project Path="tests/Novolis.MachineLearning.Core.Tests/Novolis.MachineLearning.Core.Tests.csproj" />
    <Project Path="tests/Novolis.MachineLearning.Neural.Tests/Novolis.MachineLearning.Neural.Tests.csproj" />
    <Project Path="tests/Novolis.MachineLearning.TestSupport/Novolis.MachineLearning.TestSupport.csproj" />
    <Project Path="tests/Novolis.MachineLearning.Neural.TestSupport/Novolis.MachineLearning.Neural.TestSupport.csproj" />
  </Folder>
</Solution>
